// !$*UTF8*$!
{
	archiveVersion = 1;
	classes = {
	};
	objectVersion = 46;
	objects = {

/* Begin PBXBuildFile section */
		3B0A1A9F1D4121D9008DD1D6 /* TTT.png in Resources */ = {isa = PBXBuildFile; fileRef = 3B0A1A9D1D4121D9008DD1D6 /* TTT.png */; };
		3B0A1AA11D413F0C008DD1D6 /* AAPL.jpg in Resources */ = {isa = PBXBuildFile; fileRef = 3B0A1AA01D413F0C008DD1D6 /* AAPL.jpg */; };
		3B0A1AA41D414328008DD1D6 /* food.png in Resources */ = {isa = PBXBuildFile; fileRef = 3B0A1AA21D414328008DD1D6 /* food.png */; };
		3B0A1AA51D414328008DD1D6 /* TTT2.png in Resources */ = {isa = PBXBuildFile; fileRef = 3B0A1AA31D414328008DD1D6 /* TTT2.png */; };
		3B0A1AA71D414778008DD1D6 /* Launch Screen.storyboard in Resources */ = {isa = PBXBuildFile; fileRef = 3B0A1AA61D414778008DD1D6 /* Launch Screen.storyboard */; };
		3B0A1AAC1D414E1A008DD1D6 /* WebKit.framework in Frameworks */ = {isa = PBXBuildFile; fileRef = 3B0A1AAB1D414E1A008DD1D6 /* WebKit.framework */; };
		3B0A1AC11D415D19008DD1D6 /* WebViewController.m in Sources */ = {isa = PBXBuildFile; fileRef = 3B0A1AC01D415D19008DD1D6 /* WebViewController.m */; };
		3B4F09D41D3FCE6300E3659F /* main.m in Sources */ = {isa = PBXBuildFile; fileRef = 3B4F09D31D3FCE6300E3659F /* main.m */; };
		3B4F09D71D3FCE6300E3659F /* AppDelegate.m in Sources */ = {isa = PBXBuildFile; fileRef = 3B4F09D61D3FCE6300E3659F /* AppDelegate.m */; };
		3B4F09DA1D3FCE6300E3659F /* ViewController.m in Sources */ = {isa = PBXBuildFile; fileRef = 3B4F09D91D3FCE6300E3659F /* ViewController.m */; };
		3B4F09DD1D3FCE6300E3659F /* Main.storyboard in Resources */ = {isa = PBXBuildFile; fileRef = 3B4F09DB1D3FCE6300E3659F /* Main.storyboard */; };
		3B4F09DF1D3FCE6300E3659F /* Assets.xcassets in Resources */ = {isa = PBXBuildFile; fileRef = 3B4F09DE1D3FCE6300E3659F /* Assets.xcassets */; };
		3B4F09EB1D3FCEEE00E3659F /* MapKit.framework in Frameworks */ = {isa = PBXBuildFile; fileRef = 3B4F09EA1D3FCEEE00E3659F /* MapKit.framework */; };
		3B4F09F01D40052800E3659F /* Annotation.m in Sources */ = {isa = PBXBuildFile; fileRef = 3B4F09EF1D40052800E3659F /* Annotation.m */; };
/* End PBXBuildFile section */

/* Begin PBXFileReference section */
		3B0A1A9D1D4121D9008DD1D6 /* TTT.png */ = {isa = PBXFileReference; lastKnownFileType = image.png; path = TTT.png; sourceTree = "<group>"; };
		3B0A1AA01D413F0C008DD1D6 /* AAPL.jpg */ = {isa = PBXFileReference; lastKnownFileType = image.jpeg; path = AAPL.jpg; sourceTree = "<group>"; };
		3B0A1AA21D414328008DD1D6 /* food.png */ = {isa = PBXFileReference; lastKnownFileType = image.png; path = food.png; sourceTree = "<group>"; };
		3B0A1AA31D414328008DD1D6 /* TTT2.png */ = {isa = PBXFileReference; lastKnownFileType = image.png; path = TTT2.png; sourceTree = "<group>"; };
		3B0A1AA61D414778008DD1D6 /* Launch Screen.storyboard */ = {isa = PBXFileReference; fileEncoding = 4; lastKnownFileType = file.storyboard; path = "Launch Screen.storyboard"; sourceTree = "<group>"; };
		3B0A1AAB1D414E1A008DD1D6 /* WebKit.framework */ = {isa = PBXFileReference; lastKnownFileType = wrapper.framework; name = WebKit.framework; path = System/Library/Frameworks/WebKit.framework; sourceTree = SDKROOT; };
		3B0A1ABF1D415D19008DD1D6 /* WebViewController.h */ = {isa = PBXFileReference; fileEncoding = 4; lastKnownFileType = sourcecode.c.h; name = WebViewController.h; path = ../WebViewController.h; sourceTree = "<group>"; };
		3B0A1AC01D415D19008DD1D6 /* WebViewController.m */ = {isa = PBXFileReference; fileEncoding = 4; lastKnownFileType = sourcecode.c.objc; name = WebViewController.m; path = ../WebViewController.m; sourceTree = "<group>"; };
		3B4F09CF1D3FCE6300E3659F /* AppleMap.app */ = {isa = PBXFileReference; explicitFileType = wrapper.application; includeInIndex = 0; path = AppleMap.app; sourceTree = BUILT_PRODUCTS_DIR; };
		3B4F09D31D3FCE6300E3659F /* main.m */ = {isa = PBXFileReference; lastKnownFileType = sourcecode.c.objc; path = main.m; sourceTree = "<group>"; };
		3B4F09D51D3FCE6300E3659F /* AppDelegate.h */ = {isa = PBXFileReference; lastKnownFileType = sourcecode.c.h; path = AppDelegate.h; sourceTree = "<group>"; };
		3B4F09D61D3FCE6300E3659F /* AppDelegate.m */ = {isa = PBXFileReference; lastKnownFileType = sourcecode.c.objc; path = AppDelegate.m; sourceTree = "<group>"; };
		3B4F09D81D3FCE6300E3659F /* ViewController.h */ = {isa = PBXFileReference; lastKnownFileType = sourcecode.c.h; path = ViewController.h; sourceTree = "<group>"; };
		3B4F09D91D3FCE6300E3659F /* ViewController.m */ = {isa = PBXFileReference; lastKnownFileType = sourcecode.c.objc; path = ViewController.m; sourceTree = "<group>"; };
		3B4F09DC1D3FCE6300E3659F /* Base */ = {isa = PBXFileReference; lastKnownFileType = file.storyboard; name = Base; path = Base.lproj/Main.storyboard; sourceTree = "<group>"; };
		3B4F09DE1D3FCE6300E3659F /* Assets.xcassets */ = {isa = PBXFileReference; lastKnownFileType = folder.assetcatalog; path = Assets.xcassets; sourceTree = "<group>"; };
		3B4F09E31D3FCE6300E3659F /* Info.plist */ = {isa = PBXFileReference; lastKnownFileType = text.plist.xml; path = Info.plist; sourceTree = "<group>"; };
		3B4F09EA1D3FCEEE00E3659F /* MapKit.framework */ = {isa = PBXFileReference; lastKnownFileType = wrapper.framework; name = MapKit.framework; path = System/Library/Frameworks/MapKit.framework; sourceTree = SDKROOT; };
		3B4F09EE1D40052800E3659F /* Annotation.h */ = {isa = PBXFileReference; fileEncoding = 4; lastKnownFileType = sourcecode.c.h; path = Annotation.h; sourceTree = "<group>"; };
		3B4F09EF1D40052800E3659F /* Annotation.m */ = {isa = PBXFileReference; fileEncoding = 4; lastKnownFileType = sourcecode.c.objc; path = Annotation.m; sourceTree = "<group>"; };
/* End PBXFileReference section */

/* Begin PBXFrameworksBuildPhase section */
		3B4F09CC1D3FCE6300E3659F /* Frameworks */ = {
			isa = PBXFrameworksBuildPhase;
			buildActionMask = 2147483647;
			files = (
				3B0A1AAC1D414E1A008DD1D6 /* WebKit.framework in Frameworks */,
				3B4F09EB1D3FCEEE00E3659F /* MapKit.framework in Frameworks */,
			);
			runOnlyForDeploymentPostprocessing = 0;
		};
/* End PBXFrameworksBuildPhase section */

/* Begin PBXGroup section */
		3B4F09C61D3FCE6300E3659F = {
			isa = PBXGroup;
			children = (
				3B0A1AA61D414778008DD1D6 /* Launch Screen.storyboard */,
				3B4F09D11D3FCE6300E3659F /* AppleMap */,
				3B4F09E91D3FCE7F00E3659F /* Framework */,
				3B4F09D01D3FCE6300E3659F /* Products */,
			);
			sourceTree = "<group>";
		};
		3B4F09D01D3FCE6300E3659F /* Products */ = {
			isa = PBXGroup;
			children = (
				3B4F09CF1D3FCE6300E3659F /* AppleMap.app */,
			);
			name = Products;
			sourceTree = "<group>";
		};
		3B4F09D11D3FCE6300E3659F /* AppleMap */ = {
			isa = PBXGroup;
			children = (
				3B4F09D51D3FCE6300E3659F /* AppDelegate.h */,
				3B4F09D61D3FCE6300E3659F /* AppDelegate.m */,
				3B4F09D81D3FCE6300E3659F /* ViewController.h */,
				3B4F09D91D3FCE6300E3659F /* ViewController.m */,
				3B4F09EE1D40052800E3659F /* Annotation.h */,
				3B4F09EF1D40052800E3659F /* Annotation.m */,
				3B0A1ABF1D415D19008DD1D6 /* WebViewController.h */,
				3B0A1AC01D415D19008DD1D6 /* WebViewController.m */,
				3B4F09DB1D3FCE6300E3659F /* Main.storyboard */,
				3B4F09DE1D3FCE6300E3659F /* Assets.xcassets */,
				3B4F09E31D3FCE6300E3659F /* Info.plist */,
				3B4F09D21D3FCE6300E3659F /* Supporting Files */,
			);
			path = AppleMap;
			sourceTree = "<group>";
		};
		3B4F09D21D3FCE6300E3659F /* Supporting Files */ = {
			isa = PBXGroup;
			children = (
				3B4F09D31D3FCE6300E3659F /* main.m */,
				3B0A1A9D1D4121D9008DD1D6 /* TTT.png */,
				3B0A1AA01D413F0C008DD1D6 /* AAPL.jpg */,
				3B0A1AA21D414328008DD1D6 /* food.png */,
				3B0A1AA31D414328008DD1D6 /* TTT2.png */,
			);
			name = "Supporting Files";
			sourceTree = "<group>";
		};
		3B4F09E91D3FCE7F00E3659F /* Framework */ = {
			isa = PBXGroup;
			children = (
				3B0A1AAB1D414E1A008DD1D6 /* WebKit.framework */,
				3B4F09EA1D3FCEEE00E3659F /* MapKit.framework */,
			);
			name = Framework;
			path = AppleMap;
			sourceTree = "<group>";
		};
/* End PBXGroup section */

/* Begin PBXNativeTarget section */
		3B4F09CE1D3FCE6300E3659F /* AppleMap */ = {
			isa = PBXNativeTarget;
			buildConfigurationList = 3B4F09E61D3FCE6300E3659F /* Build configuration list for PBXNativeTarget "AppleMap" */;
			buildPhases = (
				3B4F09CB1D3FCE6300E3659F /* Sources */,
				3B4F09CC1D3FCE6300E3659F /* Frameworks */,
				3B4F09CD1D3FCE6300E3659F /* Resources */,
			);
			buildRules = (
			);
			dependencies = (
			);
			name = AppleMap;
			productName = AppleMap;
			productReference = 3B4F09CF1D3FCE6300E3659F /* AppleMap.app */;
			productType = "com.apple.product-type.application";
		};
/* End PBXNativeTarget section */

/* Begin PBXProject section */
		3B4F09C71D3FCE6300E3659F /* Project object */ = {
			isa = PBXProject;
			attributes = {
				LastUpgradeCheck = 0730;
				ORGANIZATIONNAME = "programming_in_objective-c_4th_edition";
				TargetAttributes = {
					3B4F09CE1D3FCE6300E3659F = {
						CreatedOnToolsVersion = 7.3.1;
						DevelopmentTeam = M82VA5TXT6;
					};
				};
			};
			buildConfigurationList = 3B4F09CA1D3FCE6300E3659F /* Build configuration list for PBXProject "AppleMap" */;
			compatibilityVersion = "Xcode 3.2";
			developmentRegion = English;
			hasScannedForEncodings = 0;
			knownRegions = (
				en,
				Base,
			);
			mainGroup = 3B4F09C61D3FCE6300E3659F;
			productRefGroup = 3B4F09D01D3FCE6300E3659F /* Products */;
			projectDirPath = "";
			projectRoot = "";
			targets = (
				3B4F09CE1D3FCE6300E3659F /* AppleMap */,
			);
		};
/* End PBXProject section */

/* Begin PBXResourcesBuildPhase section */
		3B4F09CD1D3FCE6300E3659F /* Resources */ = {
			isa = PBXResourcesBuildPhase;
			buildActionMask = 2147483647;
			files = (
				3B4F09DF1D3FCE6300E3659F /* Assets.xcassets in Resources */,
				3B0A1AA71D414778008DD1D6 /* Launch Screen.storyboard in Resources */,
				3B0A1AA11D413F0C008DD1D6 /* AAPL.jpg in Resources */,
				3B0A1A9F1D4121D9008DD1D6 /* TTT.png in Resources */,
				3B4F09DD1D3FCE6300E3659F /* Main.storyboard in Resources */,
				3B0A1AA51D414328008DD1D6 /* TTT2.png in Resources */,
				3B0A1AA41D414328008DD1D6 /* food.png in Resources */,
			);
			runOnlyForDeploymentPostprocessing = 0;
		};
/* End PBXResourcesBuildPhase section */

/* Begin PBXSourcesBuildPhase section */
		3B4F09CB1D3FCE6300E3659F /* Sources */ = {
			isa = PBXSourcesBuildPhase;
			buildActionMask = 2147483647;
			files = (
				3B4F09DA1D3FCE6300E3659F /* ViewController.m in Sources */,
				3B0A1AC11D415D19008DD1D6 /* WebViewController.m in Sources */,
				3B4F09D71D3FCE6300E3659F /* AppDelegate.m in Sources */,
				3B4F09F01D40052800E3659F /* Annotation.m in Sources */,
				3B4F09D41D3FCE6300E3659F /* main.m in Sources */,
			);
			runOnlyForDeploymentPostprocessing = 0;
		};
/* End PBXSourcesBuildPhase section */

/* Begin PBXVariantGroup section */
		3B4F09DB1D3FCE6300E3659F /* Main.storyboard */ = {
			isa = PBXVariantGroup;
			children = (
				3B4F09DC1D3FCE6300E3659F /* Base */,
			);
			name = Main.storyboard;
			sourceTree = "<group>";
		};
/* End PBXVariantGroup section */

/* Begin XCBuildConfiguration section */
		3B4F09E41D3FCE6300E3659F /* Debug */ = {
			isa = XCBuildConfiguration;
			buildSettings = {
				ALWAYS_SEARCH_USER_PATHS = NO;
				CLANG_ANALYZER_NONNULL = YES;
				CLANG_CXX_LANGUAGE_STANDARD = "gnu++0x";
				CLANG_CXX_LIBRARY = "libc++";
				CLANG_ENABLE_MODULES = YES;
				CLANG_ENABLE_OBJC_ARC = YES;
				CLANG_WARN_BOOL_CONVERSION = YES;
				CLANG_WARN_CONSTANT_CONVERSION = YES;
				CLANG_WARN_DIRECT_OBJC_ISA_USAGE = YES_ERROR;
				CLANG_WARN_EMPTY_BODY = YES;
				CLANG_WARN_ENUM_CONVERSION = YES;
				CLANG_WARN_INT_CONVERSION = YES;
				CLANG_WARN_OBJC_ROOT_CLASS = YES_ERROR;
				CLANG_WARN_UNREACHABLE_CODE = YES;
				CLANG_WARN__DUPLICATE_METHOD_MATCH = YES;
				"CODE_SIGN_IDENTITY[sdk=iphoneos*]" = "iPhone Developer";
				COPY_PHASE_STRIP = NO;
				DEBUG_INFORMATION_FORMAT = dwarf;
				ENABLE_STRICT_OBJC_MSGSEND = YES;
				ENABLE_TESTABILITY = YES;
				GCC_C_LANGUAGE_STANDARD = gnu99;
				GCC_DYNAMIC_NO_PIC = NO;
				GCC_NO_COMMON_BLOCKS = YES;
				GCC_OPTIMIZATION_LEVEL = 0;
				GCC_PREPROCESSOR_DEFINITIONS = (
					"DEBUG=1",
					"$(inherited)",
				);
				GCC_WARN_64_TO_32_BIT_CONVERSION = YES;
				GCC_WARN_ABOUT_RETURN_TYPE = YES_ERROR;
				GCC_WARN_UNDECLARED_SELECTOR = YES;
				GCC_WARN_UNINITIALIZED_AUTOS = YES_AGGRESSIVE;
				GCC_WARN_UNUSED_FUNCTION = YES;
				GCC_WARN_UNUSED_VARIABLE = YES;
				IPHONEOS_DEPLOYMENT_TARGET = 9.3;
				MTL_ENABLE_DEBUG_INFO = YES;
				ONLY_ACTIVE_ARCH = YES;
				SDKROOT = iphoneos;
			};
			name = Debug;
		};
		3B4F09E51D3FCE6300E3659F /* Release */ = {
			isa = XCBuildConfiguration;
			buildSettings = {
				ALWAYS_SEARCH_USER_PATHS = NO;
				CLANG_ANALYZER_NONNULL = YES;
				CLANG_CXX_LANGUAGE_STANDARD = "gnu++0x";
				CLANG_CXX_LIBRARY = "libc++";
				CLANG_ENABLE_MODULES = YES;
				CLANG_ENABLE_OBJC_ARC = YES;
				CLANG_WARN_BOOL_CONVERSION = YES;
				CLANG_WARN_CONSTANT_CONVERSION = YES;
				CLANG_WARN_DIRECT_OBJC_ISA_USAGE = YES_ERROR;
				CLANG_WARN_EMPTY_BODY = YES;
				CLANG_WARN_ENUM_CONVERSION = YES;
				CLANG_WARN_INT_CONVERSION = YES;
				CLANG_WARN_OBJC_ROOT_CLASS = YES_ERROR;
				CLANG_WARN_UNREACHABLE_CODE = YES;
				CLANG_WARN__DUPLICATE_METHOD_MATCH = YES;
				"CODE_SIGN_IDENTITY[sdk=iphoneos*]" = "iPhone Developer";
				COPY_PHASE_STRIP = NO;
				DEBUG_INFORMATION_FORMAT = "dwarf-with-dsym";
				ENABLE_NS_ASSERTIONS = NO;
				ENABLE_STRICT_OBJC_MSGSEND = YES;
				GCC_C_LANGUAGE_STANDARD = gnu99;
				GCC_NO_COMMON_BLOCKS = YES;
				GCC_WARN_64_TO_32_BIT_CONVERSION = YES;
				GCC_WARN_ABOUT_RETURN_TYPE = YES_ERROR;
				GCC_WARN_UNDECLARED_SELECTOR = YES;
				GCC_WARN_UNINITIALIZED_AUTOS = YES_AGGRESSIVE;
				GCC_WARN_UNUSED_FUNCTION = YES;
				GCC_WARN_UNUSED_VARIABLE = YES;
				IPHONEOS_DEPLOYMENT_TARGET = 9.3;
				MTL_ENABLE_DEBUG_INFO = NO;
				SDKROOT = iphoneos;
				VALIDATE_PRODUCT = YES;
			};
			name = Release;
		};
		3B4F09E71D3FCE6300E3659F /* Debug */ = {
			isa = XCBuildConfiguration;
			buildSettings = {
				ASSETCATALOG_COMPILER_APPICON_NAME = AppIcon;
				INFOPLIST_FILE = AppleMap/Info.plist;
				LD_RUNPATH_SEARCH_PATHS = "$(inherited) @executable_path/Frameworks";
				PRODUCT_BUNDLE_IDENTIFIER = classroomM.AppleMap;
				PRODUCT_NAME = "$(TARGET_NAME)";
				TARGETED_DEVICE_FAMILY = "1,2";
			};
			name = Debug;
		};
		3B4F09E81D3FCE6300E3659F /* Release */ = {
			isa = XCBuildConfiguration;
			buildSettings = {
				ASSETCATALOG_COMPILER_APPICON_NAME = AppIcon;
				INFOPLIST_FILE = AppleMap/Info.plist;
				LD_RUNPATH_SEARCH_PATHS = "$(inherited) @executable_path/Frameworks";
				PRODUCT_BUNDLE_IDENTIFIER = classroomM.AppleMap;
				PRODUCT_NAME = "$(TARGET_NAME)";
				TARGETED_DEVICE_FAMILY = "1,2";
			};
			name = Release;
		};
/* End XCBuildConfiguration section */

/* Begin XCConfigurationList section */
		3B4F09CA1D3FCE6300E3659F /* Build configuration list for PBXProject "AppleMap" */ = {
			isa = XCConfigurationList;
			buildConfigurations = (
				3B4F09E41D3FCE6300E3659F /* Debug */,
				3B4F09E51D3FCE6300E3659F /* Release */,
			);
			defaultConfigurationIsVisible = 0;
			defaultConfigurationName = Release;
		};
		3B4F09E61D3FCE6300E3659F /* Build configuration list for PBXNativeTarget "AppleMap" */ = {
			isa = XCConfigurationList;
			buildConfigurations = (
				3B4F09E71D3FCE6300E3659F /* Debug */,
				3B4F09E81D3FCE6300E3659F /* Release */,
			);
			defaultConfigurationIsVisible = 0;
			defaultConfigurationName = Release;
		};
/* End XCConfigurationList section */
	};
	rootObject = 3B4F09C71D3FCE6300E3659F /* Project object */;
}
